
Microsoft Visual Studio Solution File, Format Version 12.00
# Visual Studio Version 17
VisualStudioVersion = 17.6.33723.286
MinimumVisualStudioVersion = 10.0.40219.1
Project("{FAE04EC0-301F-11D3-BF4B-00C04F79EFBC}") = "ExercicioEncapsulamento", "ExercicioEncapsulamento\ExercicioEncapsulamento.csproj", "{3C1913DD-E666-47CD-982D-CC7A808687DE}"
EndProject
Global
	GlobalSection(SolutionConfigurationPlatforms) = preSolution
		Debug|Any CPU = Debug|Any CPU
		Release|Any CPU = Release|Any CPU
	EndGlobalSection
	GlobalSection(ProjectConfigurationPlatforms) = postSolution
		{3C1913DD-E666-47CD-982D-CC7A808687DE}.Debug|Any CPU.ActiveCfg = Debug|Any CPU
		{3C1913DD-E666-47CD-982D-CC7A808687DE}.Debug|Any CPU.Build.0 = Debug|Any CPU
		{3C1913DD-E666-47CD-982D-CC7A808687DE}.Release|Any CPU.ActiveCfg = Release|Any CPU
		{3C1913DD-E666-47CD-982D-CC7A808687DE}.Release|Any CPU.Build.0 = Release|Any CPU
	EndGlobalSection
	GlobalSection(SolutionProperties) = preSolution
		HideSolutionNode = FALSE
	EndGlobalSection
	GlobalSection(ExtensibilityGlobals) = postSolution
		SolutionGuid = {295F1C93-EEBD-49D8-AEE6-A363AFDB4883}
	EndGlobalSection
EndGlobal
