
Microsoft Visual Studio Solution File, Format Version 12.00
# Visual Studio Version 17
VisualStudioVersion = 17.6.33723.286
MinimumVisualStudioVersion = 10.0.40219.1
Project("{FAE04EC0-301F-11D3-BF4B-00C04F79EFBC}") = "Lista", "Lista\Lista.csproj", "{4BDEAF7D-D5CD-4898-9A71-2006E63E8FC9}"
EndProject
Global
	GlobalSection(SolutionConfigurationPlatforms) = preSolution
		Debug|Any CPU = Debug|Any CPU
		Release|Any CPU = Release|Any CPU
	EndGlobalSection
	GlobalSection(ProjectConfigurationPlatforms) = postSolution
		{4BDEAF7D-D5CD-4898-9A71-2006E63E8FC9}.Debug|Any CPU.ActiveCfg = Debug|Any CPU
		{4BDEAF7D-D5CD-4898-9A71-2006E63E8FC9}.Debug|Any CPU.Build.0 = Debug|Any CPU
		{4BDEAF7D-D5CD-4898-9A71-2006E63E8FC9}.Release|Any CPU.ActiveCfg = Release|Any CPU
		{4BDEAF7D-D5CD-4898-9A71-2006E63E8FC9}.Release|Any CPU.Build.0 = Release|Any CPU
	EndGlobalSection
	GlobalSection(SolutionProperties) = preSolution
		HideSolutionNode = FALSE
	EndGlobalSection
	GlobalSection(ExtensibilityGlobals) = postSolution
		SolutionGuid = {20E363C1-170B-4567-B13C-63D515F9226F}
	EndGlobalSection
EndGlobal
